
Microsoft Visual Studio Solution File, Format Version 12.00
# Visual Studio Version 17
VisualStudioVersion = 17.14.37012.4
MinimumVisualStudioVersion = 10.0.40219.1
Project("{FAE04EC0-301F-11D3-BF4B-00C04F79EFBC}") = "TaxiLink.Domain", "TaxiLink.Domain\TaxiLink.Domain.csproj", "{C4908092-51DC-4B91-8029-86B435A71D7E}"
EndProject
Project("{FAE04EC0-301F-11D3-BF4B-00C04F79EFBC}") = "TaxiLink.Data", "TaxiLink.Data\TaxiLink.Data.csproj", "{5150E126-EFF8-4E02-9476-63FC5C3A31B2}"
EndProject
Global
	GlobalSection(SolutionConfigurationPlatforms) = preSolution
		Debug|Any CPU = Debug|Any CPU
		Release|Any CPU = Release|Any CPU
	EndGlobalSection
	GlobalSection(ProjectConfigurationPlatforms) = postSolution
		{C4908092-51DC-4B91-8029-86B435A71D7E}.Debug|Any CPU.ActiveCfg = Debug|Any CPU
		{C4908092-51DC-4B91-8029-86B435A71D7E}.Debug|Any CPU.Build.0 = Debug|Any CPU
		{C4908092-51DC-4B91-8029-86B435A71D7E}.Release|Any CPU.ActiveCfg = Release|Any CPU
		{C4908092-51DC-4B91-8029-86B435A71D7E}.Release|Any CPU.Build.0 = Release|Any CPU
		{5150E126-EFF8-4E02-9476-63FC5C3A31B2}.Debug|Any CPU.ActiveCfg = Debug|Any CPU
		{5150E126-EFF8-4E02-9476-63FC5C3A31B2}.Debug|Any CPU.Build.0 = Debug|Any CPU
		{5150E126-EFF8-4E02-9476-63FC5C3A31B2}.Release|Any CPU.ActiveCfg = Release|Any CPU
		{5150E126-EFF8-4E02-9476-63FC5C3A31B2}.Release|Any CPU.Build.0 = Release|Any CPU
	EndGlobalSection
	GlobalSection(SolutionProperties) = preSolution
		HideSolutionNode = FALSE
	EndGlobalSection
	GlobalSection(ExtensibilityGlobals) = postSolution
		SolutionGuid = {01BE5F64-E619-4754-AF1B-04A187E3A8BB}
	EndGlobalSection
EndGlobal
